
Microsoft Visual Studio Solution File, Format Version 12.00
# Visual Studio 2013
VisualStudioVersion = 12.0.31101.0
MinimumVisualStudioVersion = 10.0.40219.1
Project("{FAE04EC0-301F-11D3-BF4B-00C04F79EFBC}") = "01.FillTheMatrixA", "01.FillTheMatrixA\01.FillTheMatrixA.csproj", "{F41B6940-834E-408D-A0D7-A987BB02C498}"
EndProject
Project("{FAE04EC0-301F-11D3-BF4B-00C04F79EFBC}") = "01.FillTheMatrixB", "01.FillTheMatrixB\01.FillTheMatrixB.csproj", "{B116F60B-A197-42B0-ADAB-9DA04FBB95FB}"
EndProject
Project("{FAE04EC0-301F-11D3-BF4B-00C04F79EFBC}") = "02.MaximalSum", "02.MaximalSum\02.MaximalSum.csproj", "{4D001F42-386F-4074-9D56-A52759ACED88}"
EndProject
Project("{FAE04EC0-301F-11D3-BF4B-00C04F79EFBC}") = "03.MatrixShuffling", "03.MatrixShuffling\03.MatrixShuffling.csproj", "{0E7E073F-53FB-4D31-8104-709FC02B52B6}"
EndProject
Project("{FAE04EC0-301F-11D3-BF4B-00C04F79EFBC}") = "04.SequenceInMatrix", "04.SequenceInMatrix\04.SequenceInMatrix.csproj", "{2505F912-2E0E-4B9A-BCF8-48644BEDFB9C}"
EndProject
Project("{FAE04EC0-301F-11D3-BF4B-00C04F79EFBC}") = "05.CollectTheCoins", "05.CollectTheCoins\05.CollectTheCoins.csproj", "{581B9BCA-AFC1-4488-88B2-9ADF5D84562C}"
EndProject
Project("{FAE04EC0-301F-11D3-BF4B-00C04F79EFBC}") = "06.CountSymbols", "06.CountSymbols\06.CountSymbols.csproj", "{49FA1269-BFC5-4BCC-8EEC-6AE06B5063FC}"
EndProject
Project("{FAE04EC0-301F-11D3-BF4B-00C04F79EFBC}") = "07.Phonebook", "07.Phonebook\07.Phonebook.csproj", "{50F454A6-E9BE-44D9-9907-9959822C97DE}"
EndProject
Project("{FAE04EC0-301F-11D3-BF4B-00C04F79EFBC}") = "08.NightLife", "08.NightLife\08.NightLife.csproj", "{15D8493F-302E-4954-B79A-0E93C1AFCAC1}"
EndProject
Project("{FAE04EC0-301F-11D3-BF4B-00C04F79EFBC}") = "09.TerroristsWin", "09.TerroristsWin\09.TerroristsWin.csproj", "{504448AF-8252-42EB-A109-0D48AA5D942E}"
EndProject
Project("{FAE04EC0-301F-11D3-BF4B-00C04F79EFBC}") = "10.Plus-Remove", "10.Plus-Remove\10.Plus-Remove.csproj", "{43A4D552-A9AD-485F-A30A-B39682526F0B}"
EndProject
Project("{FAE04EC0-301F-11D3-BF4B-00C04F79EFBC}") = "11.StringMatrixRotation", "11.StringMatrixRotation\11.StringMatrixRotation.csproj", "{4FD97519-5FDA-41F7-8576-3F94B1234C61}"
EndProject
Project("{FAE04EC0-301F-11D3-BF4B-00C04F79EFBC}") = "12.ToTheStars", "12.ToTheStars\12.ToTheStars.csproj", "{128C496B-C163-4E1C-BC25-6AD6ECBA0CAD}"
EndProject
Project("{FAE04EC0-301F-11D3-BF4B-00C04F79EFBC}") = "13.ActivityTracker", "13.ActivityTracker\13.ActivityTracker.csproj", "{04D8A6AD-06A8-4EA8-A33A-F93003C7175A}"
EndProject
Global
	GlobalSection(SolutionConfigurationPlatforms) = preSolution
		Debug|Any CPU = Debug|Any CPU
		Release|Any CPU = Release|Any CPU
	EndGlobalSection
	GlobalSection(ProjectConfigurationPlatforms) = postSolution
		{F41B6940-834E-408D-A0D7-A987BB02C498}.Debug|Any CPU.ActiveCfg = Debug|Any CPU
		{F41B6940-834E-408D-A0D7-A987BB02C498}.Debug|Any CPU.Build.0 = Debug|Any CPU
		{F41B6940-834E-408D-A0D7-A987BB02C498}.Release|Any CPU.ActiveCfg = Release|Any CPU
		{F41B6940-834E-408D-A0D7-A987BB02C498}.Release|Any CPU.Build.0 = Release|Any CPU
		{B116F60B-A197-42B0-ADAB-9DA04FBB95FB}.Debug|Any CPU.ActiveCfg = Debug|Any CPU
		{B116F60B-A197-42B0-ADAB-9DA04FBB95FB}.Debug|Any CPU.Build.0 = Debug|Any CPU
		{B116F60B-A197-42B0-ADAB-9DA04FBB95FB}.Release|Any CPU.ActiveCfg = Release|Any CPU
		{B116F60B-A197-42B0-ADAB-9DA04FBB95FB}.Release|Any CPU.Build.0 = Release|Any CPU
		{4D001F42-386F-4074-9D56-A52759ACED88}.Debug|Any CPU.ActiveCfg = Debug|Any CPU
		{4D001F42-386F-4074-9D56-A52759ACED88}.Debug|Any CPU.Build.0 = Debug|Any CPU
		{4D001F42-386F-4074-9D56-A52759ACED88}.Release|Any CPU.ActiveCfg = Release|Any CPU
		{4D001F42-386F-4074-9D56-A52759ACED88}.Release|Any CPU.Build.0 = Release|Any CPU
		{0E7E073F-53FB-4D31-8104-709FC02B52B6}.Debug|Any CPU.ActiveCfg = Debug|Any CPU
		{0E7E073F-53FB-4D31-8104-709FC02B52B6}.Debug|Any CPU.Build.0 = Debug|Any CPU
		{0E7E073F-53FB-4D31-8104-709FC02B52B6}.Release|Any CPU.ActiveCfg = Release|Any CPU
		{0E7E073F-53FB-4D31-8104-709FC02B52B6}.Release|Any CPU.Build.0 = Release|Any CPU
		{2505F912-2E0E-4B9A-BCF8-48644BEDFB9C}.Debug|Any CPU.ActiveCfg = Debug|Any CPU
		{2505F912-2E0E-4B9A-BCF8-48644BEDFB9C}.Debug|Any CPU.Build.0 = Debug|Any CPU
		{2505F912-2E0E-4B9A-BCF8-48644BEDFB9C}.Release|Any CPU.ActiveCfg = Release|Any CPU
		{2505F912-2E0E-4B9A-BCF8-48644BEDFB9C}.Release|Any CPU.Build.0 = Release|Any CPU
		{581B9BCA-AFC1-4488-88B2-9ADF5D84562C}.Debug|Any CPU.ActiveCfg = Debug|Any CPU
		{581B9BCA-AFC1-4488-88B2-9ADF5D84562C}.Debug|Any CPU.Build.0 = Debug|Any CPU
		{581B9BCA-AFC1-4488-88B2-9ADF5D84562C}.Release|Any CPU.ActiveCfg = Release|Any CPU
		{581B9BCA-AFC1-4488-88B2-9ADF5D84562C}.Release|Any CPU.Build.0 = Release|Any CPU
		{49FA1269-BFC5-4BCC-8EEC-6AE06B5063FC}.Debug|Any CPU.ActiveCfg = Debug|Any CPU
		{49FA1269-BFC5-4BCC-8EEC-6AE06B5063FC}.Debug|Any CPU.Build.0 = Debug|Any CPU
		{49FA1269-BFC5-4BCC-8EEC-6AE06B5063FC}.Release|Any CPU.ActiveCfg = Release|Any CPU
		{49FA1269-BFC5-4BCC-8EEC-6AE06B5063FC}.Release|Any CPU.Build.0 = Release|Any CPU
		{50F454A6-E9BE-44D9-9907-9959822C97DE}.Debug|Any CPU.ActiveCfg = Debug|Any CPU
		{50F454A6-E9BE-44D9-9907-9959822C97DE}.Debug|Any CPU.Build.0 = Debug|Any CPU
		{50F454A6-E9BE-44D9-9907-9959822C97DE}.Release|Any CPU.ActiveCfg = Release|Any CPU
		{50F454A6-E9BE-44D9-9907-9959822C97DE}.Release|Any CPU.Build.0 = Release|Any CPU
		{15D8493F-302E-4954-B79A-0E93C1AFCAC1}.Debug|Any CPU.ActiveCfg = Debug|Any CPU
		{15D8493F-302E-4954-B79A-0E93C1AFCAC1}.Debug|Any CPU.Build.0 = Debug|Any CPU
		{15D8493F-302E-4954-B79A-0E93C1AFCAC1}.Release|Any CPU.ActiveCfg = Release|Any CPU
		{15D8493F-302E-4954-B79A-0E93C1AFCAC1}.Release|Any CPU.Build.0 = Release|Any CPU
		{504448AF-8252-42EB-A109-0D48AA5D942E}.Debug|Any CPU.ActiveCfg = Debug|Any CPU
		{504448AF-8252-42EB-A109-0D48AA5D942E}.Debug|Any CPU.Build.0 = Debug|Any CPU
		{504448AF-8252-42EB-A109-0D48AA5D942E}.Release|Any CPU.ActiveCfg = Release|Any CPU
		{504448AF-8252-42EB-A109-0D48AA5D942E}.Release|Any CPU.Build.0 = Release|Any CPU
		{43A4D552-A9AD-485F-A30A-B39682526F0B}.Debug|Any CPU.ActiveCfg = Debug|Any CPU
		{43A4D552-A9AD-485F-A30A-B39682526F0B}.Debug|Any CPU.Build.0 = Debug|Any CPU
		{43A4D552-A9AD-485F-A30A-B39682526F0B}.Release|Any CPU.ActiveCfg = Release|Any CPU
		{43A4D552-A9AD-485F-A30A-B39682526F0B}.Release|Any CPU.Build.0 = Release|Any CPU
		{4FD97519-5FDA-41F7-8576-3F94B1234C61}.Debug|Any CPU.ActiveCfg = Debug|Any CPU
		{4FD97519-5FDA-41F7-8576-3F94B1234C61}.Debug|Any CPU.Build.0 = Debug|Any CPU
		{4FD97519-5FDA-41F7-8576-3F94B1234C61}.Release|Any CPU.ActiveCfg = Release|Any CPU
		{4FD97519-5FDA-41F7-8576-3F94B1234C61}.Release|Any CPU.Build.0 = Release|Any CPU
		{128C496B-C163-4E1C-BC25-6AD6ECBA0CAD}.Debug|Any CPU.ActiveCfg = Debug|Any CPU
		{128C496B-C163-4E1C-BC25-6AD6ECBA0CAD}.Debug|Any CPU.Build.0 = Debug|Any CPU
		{128C496B-C163-4E1C-BC25-6AD6ECBA0CAD}.Release|Any CPU.ActiveCfg = Release|Any CPU
		{128C496B-C163-4E1C-BC25-6AD6ECBA0CAD}.Release|Any CPU.Build.0 = Release|Any CPU
		{04D8A6AD-06A8-4EA8-A33A-F93003C7175A}.Debug|Any CPU.ActiveCfg = Debug|Any CPU
		{04D8A6AD-06A8-4EA8-A33A-F93003C7175A}.Debug|Any CPU.Build.0 = Debug|Any CPU
		{04D8A6AD-06A8-4EA8-A33A-F93003C7175A}.Release|Any CPU.ActiveCfg = Release|Any CPU
		{04D8A6AD-06A8-4EA8-A33A-F93003C7175A}.Release|Any CPU.Build.0 = Release|Any CPU
	EndGlobalSection
	GlobalSection(SolutionProperties) = preSolution
		HideSolutionNode = FALSE
	EndGlobalSection
EndGlobal
