
Microsoft Visual Studio Solution File, Format Version 12.00
# Visual Studio 2013
VisualStudioVersion = 12.0.31101.0
MinimumVisualStudioVersion = 10.0.40219.1
Project("{FAE04EC0-301F-11D3-BF4B-00C04F79EFBC}") = "01.ReverseString", "01.ReverseString\01.ReverseString.csproj", "{A73C4DA7-072C-44EB-9659-366CCFAA2622}"
EndProject
Project("{FAE04EC0-301F-11D3-BF4B-00C04F79EFBC}") = "02.StringLength", "02.StringLength\02.StringLength.csproj", "{C0025A69-9A60-4F78-90B1-F178696BB6CC}"
EndProject
Project("{FAE04EC0-301F-11D3-BF4B-00C04F79EFBC}") = "03.CountSubstringOccurrences", "03.CountSubstringOccurrences\03.CountSubstringOccurrences.csproj", "{D6208110-7EB4-416E-8DC9-D8BD4E822FC2}"
EndProject
Project("{FAE04EC0-301F-11D3-BF4B-00C04F79EFBC}") = "04.TextFilter", "04.TextFilter\04.TextFilter.csproj", "{58D93FE3-0DED-4B4D-BBA4-4F10DE535D9F}"
EndProject
Project("{FAE04EC0-301F-11D3-BF4B-00C04F79EFBC}") = "05.UnicodeCharacters", "05.UnicodeCharacters\05.UnicodeCharacters.csproj", "{B96F1057-1F9F-43A7-B497-67B6AA80A771}"
EndProject
Project("{FAE04EC0-301F-11D3-BF4B-00C04F79EFBC}") = "06.Palindromes", "06.Palindromes\06.Palindromes.csproj", "{01A4D9C4-AA17-4948-A317-E923BC2B3585}"
EndProject
Project("{FAE04EC0-301F-11D3-BF4B-00C04F79EFBC}") = "07.LettersChangeNumbers", "07.LettersChangeNumbers\07.LettersChangeNumbers.csproj", "{1E7DB4D5-0AA7-4DD1-9493-79A4084C2962}"
EndProject
Global
	GlobalSection(SolutionConfigurationPlatforms) = preSolution
		Debug|Any CPU = Debug|Any CPU
		Release|Any CPU = Release|Any CPU
	EndGlobalSection
	GlobalSection(ProjectConfigurationPlatforms) = postSolution
		{A73C4DA7-072C-44EB-9659-366CCFAA2622}.Debug|Any CPU.ActiveCfg = Debug|Any CPU
		{A73C4DA7-072C-44EB-9659-366CCFAA2622}.Debug|Any CPU.Build.0 = Debug|Any CPU
		{A73C4DA7-072C-44EB-9659-366CCFAA2622}.Release|Any CPU.ActiveCfg = Release|Any CPU
		{A73C4DA7-072C-44EB-9659-366CCFAA2622}.Release|Any CPU.Build.0 = Release|Any CPU
		{C0025A69-9A60-4F78-90B1-F178696BB6CC}.Debug|Any CPU.ActiveCfg = Debug|Any CPU
		{C0025A69-9A60-4F78-90B1-F178696BB6CC}.Debug|Any CPU.Build.0 = Debug|Any CPU
		{C0025A69-9A60-4F78-90B1-F178696BB6CC}.Release|Any CPU.ActiveCfg = Release|Any CPU
		{C0025A69-9A60-4F78-90B1-F178696BB6CC}.Release|Any CPU.Build.0 = Release|Any CPU
		{D6208110-7EB4-416E-8DC9-D8BD4E822FC2}.Debug|Any CPU.ActiveCfg = Debug|Any CPU
		{D6208110-7EB4-416E-8DC9-D8BD4E822FC2}.Debug|Any CPU.Build.0 = Debug|Any CPU
		{D6208110-7EB4-416E-8DC9-D8BD4E822FC2}.Release|Any CPU.ActiveCfg = Release|Any CPU
		{D6208110-7EB4-416E-8DC9-D8BD4E822FC2}.Release|Any CPU.Build.0 = Release|Any CPU
		{58D93FE3-0DED-4B4D-BBA4-4F10DE535D9F}.Debug|Any CPU.ActiveCfg = Debug|Any CPU
		{58D93FE3-0DED-4B4D-BBA4-4F10DE535D9F}.Debug|Any CPU.Build.0 = Debug|Any CPU
		{58D93FE3-0DED-4B4D-BBA4-4F10DE535D9F}.Release|Any CPU.ActiveCfg = Release|Any CPU
		{58D93FE3-0DED-4B4D-BBA4-4F10DE535D9F}.Release|Any CPU.Build.0 = Release|Any CPU
		{B96F1057-1F9F-43A7-B497-67B6AA80A771}.Debug|Any CPU.ActiveCfg = Debug|Any CPU
		{B96F1057-1F9F-43A7-B497-67B6AA80A771}.Debug|Any CPU.Build.0 = Debug|Any CPU
		{B96F1057-1F9F-43A7-B497-67B6AA80A771}.Release|Any CPU.ActiveCfg = Release|Any CPU
		{B96F1057-1F9F-43A7-B497-67B6AA80A771}.Release|Any CPU.Build.0 = Release|Any CPU
		{01A4D9C4-AA17-4948-A317-E923BC2B3585}.Debug|Any CPU.ActiveCfg = Debug|Any CPU
		{01A4D9C4-AA17-4948-A317-E923BC2B3585}.Debug|Any CPU.Build.0 = Debug|Any CPU
		{01A4D9C4-AA17-4948-A317-E923BC2B3585}.Release|Any CPU.ActiveCfg = Release|Any CPU
		{01A4D9C4-AA17-4948-A317-E923BC2B3585}.Release|Any CPU.Build.0 = Release|Any CPU
		{1E7DB4D5-0AA7-4DD1-9493-79A4084C2962}.Debug|Any CPU.ActiveCfg = Debug|Any CPU
		{1E7DB4D5-0AA7-4DD1-9493-79A4084C2962}.Debug|Any CPU.Build.0 = Debug|Any CPU
		{1E7DB4D5-0AA7-4DD1-9493-79A4084C2962}.Release|Any CPU.ActiveCfg = Release|Any CPU
		{1E7DB4D5-0AA7-4DD1-9493-79A4084C2962}.Release|Any CPU.Build.0 = Release|Any CPU
	EndGlobalSection
	GlobalSection(SolutionProperties) = preSolution
		HideSolutionNode = FALSE
	EndGlobalSection
EndGlobal
